
Microsoft Visual Studio Solution File, Format Version 12.00
# Visual Studio Version 16
VisualStudioVersion = 16.0.30114.105
MinimumVisualStudioVersion = 10.0.40219.1
Project("{2150E333-8FDC-42A3-9474-1A3956D46DE8}") = "Services", "Services", "{92900539-B24C-4CAF-8A00-80CF85182662}"
EndProject
Project("{2150E333-8FDC-42A3-9474-1A3956D46DE8}") = "Identity", "Identity", "{8B9CCCE0-F19F-4875-8DF7-0574437E6023}"
EndProject
Project("{FAE04EC0-301F-11D3-BF4B-00C04F79EFBC}") = "Identity.API", "Services\Identity\Identity.API\Identity.API.csproj", "{8059C1F9-5C78-4CF6-824C-3CCA5EC00567}"
EndProject
Project("{FAE04EC0-301F-11D3-BF4B-00C04F79EFBC}") = "Identity.Domain", "Services\Identity\Identity.Domain\Identity.Domain.csproj", "{31BDD0B8-43FA-4BFA-A3E8-AA88AF380BAD}"
EndProject
Project("{FAE04EC0-301F-11D3-BF4B-00C04F79EFBC}") = "Identity.Infrastructure", "Services\Identity\Identity.Infrastructure\Identity.Infrastructure.csproj", "{8F2629B0-107F-40B9-8377-499271AF2264}"
EndProject
Project("{FAE04EC0-301F-11D3-BF4B-00C04F79EFBC}") = "APIGateway", "APIGateway\APIGateway.csproj", "{D8ADED5A-55F0-40EE-A6A4-62398645B082}"
EndProject
Project("{2150E333-8FDC-42A3-9474-1A3956D46DE8}") = "Device", "Device", "{C289376E-E65B-4382-A877-30227010248C}"
EndProject
Project("{FAE04EC0-301F-11D3-BF4B-00C04F79EFBC}") = "Device.API", "Services\Device\Device.API\Device.API.csproj", "{09F17B4D-3C01-4C8D-B7F0-CBD13CE86DD9}"
EndProject
Project("{FAE04EC0-301F-11D3-BF4B-00C04F79EFBC}") = "Device.Domain", "Services\Device\Device.Domain\Device.Domain.csproj", "{5970CC83-01DA-4655-9BA6-12320460A8C5}"
EndProject
Project("{FAE04EC0-301F-11D3-BF4B-00C04F79EFBC}") = "Device.Infrastructure", "Services\Device\Device.Infrastructure\Device.Infrastructure.csproj", "{89A464BE-11C1-4496-A237-96A15A31A681}"
EndProject
Global
	GlobalSection(SolutionConfigurationPlatforms) = preSolution
		Debug|Any CPU = Debug|Any CPU
		Debug|x64 = Debug|x64
		Debug|x86 = Debug|x86
		Release|Any CPU = Release|Any CPU
		Release|x64 = Release|x64
		Release|x86 = Release|x86
	EndGlobalSection
	GlobalSection(SolutionProperties) = preSolution
		HideSolutionNode = FALSE
	EndGlobalSection
	GlobalSection(ProjectConfigurationPlatforms) = postSolution
		{8059C1F9-5C78-4CF6-824C-3CCA5EC00567}.Debug|Any CPU.ActiveCfg = Debug|Any CPU
		{8059C1F9-5C78-4CF6-824C-3CCA5EC00567}.Debug|Any CPU.Build.0 = Debug|Any CPU
		{8059C1F9-5C78-4CF6-824C-3CCA5EC00567}.Debug|x64.ActiveCfg = Debug|Any CPU
		{8059C1F9-5C78-4CF6-824C-3CCA5EC00567}.Debug|x64.Build.0 = Debug|Any CPU
		{8059C1F9-5C78-4CF6-824C-3CCA5EC00567}.Debug|x86.ActiveCfg = Debug|Any CPU
		{8059C1F9-5C78-4CF6-824C-3CCA5EC00567}.Debug|x86.Build.0 = Debug|Any CPU
		{8059C1F9-5C78-4CF6-824C-3CCA5EC00567}.Release|Any CPU.ActiveCfg = Release|Any CPU
		{8059C1F9-5C78-4CF6-824C-3CCA5EC00567}.Release|Any CPU.Build.0 = Release|Any CPU
		{8059C1F9-5C78-4CF6-824C-3CCA5EC00567}.Release|x64.ActiveCfg = Release|Any CPU
		{8059C1F9-5C78-4CF6-824C-3CCA5EC00567}.Release|x64.Build.0 = Release|Any CPU
		{8059C1F9-5C78-4CF6-824C-3CCA5EC00567}.Release|x86.ActiveCfg = Release|Any CPU
		{8059C1F9-5C78-4CF6-824C-3CCA5EC00567}.Release|x86.Build.0 = Release|Any CPU
		{31BDD0B8-43FA-4BFA-A3E8-AA88AF380BAD}.Debug|Any CPU.ActiveCfg = Debug|Any CPU
		{31BDD0B8-43FA-4BFA-A3E8-AA88AF380BAD}.Debug|Any CPU.Build.0 = Debug|Any CPU
		{31BDD0B8-43FA-4BFA-A3E8-AA88AF380BAD}.Debug|x64.ActiveCfg = Debug|Any CPU
		{31BDD0B8-43FA-4BFA-A3E8-AA88AF380BAD}.Debug|x64.Build.0 = Debug|Any CPU
		{31BDD0B8-43FA-4BFA-A3E8-AA88AF380BAD}.Debug|x86.ActiveCfg = Debug|Any CPU
		{31BDD0B8-43FA-4BFA-A3E8-AA88AF380BAD}.Debug|x86.Build.0 = Debug|Any CPU
		{31BDD0B8-43FA-4BFA-A3E8-AA88AF380BAD}.Release|Any CPU.ActiveCfg = Release|Any CPU
		{31BDD0B8-43FA-4BFA-A3E8-AA88AF380BAD}.Release|Any CPU.Build.0 = Release|Any CPU
		{31BDD0B8-43FA-4BFA-A3E8-AA88AF380BAD}.Release|x64.ActiveCfg = Release|Any CPU
		{31BDD0B8-43FA-4BFA-A3E8-AA88AF380BAD}.Release|x64.Build.0 = Release|Any CPU
		{31BDD0B8-43FA-4BFA-A3E8-AA88AF380BAD}.Release|x86.ActiveCfg = Release|Any CPU
		{31BDD0B8-43FA-4BFA-A3E8-AA88AF380BAD}.Release|x86.Build.0 = Release|Any CPU
		{8F2629B0-107F-40B9-8377-499271AF2264}.Debug|Any CPU.ActiveCfg = Debug|Any CPU
		{8F2629B0-107F-40B9-8377-499271AF2264}.Debug|Any CPU.Build.0 = Debug|Any CPU
		{8F2629B0-107F-40B9-8377-499271AF2264}.Debug|x64.ActiveCfg = Debug|Any CPU
		{8F2629B0-107F-40B9-8377-499271AF2264}.Debug|x64.Build.0 = Debug|Any CPU
		{8F2629B0-107F-40B9-8377-499271AF2264}.Debug|x86.ActiveCfg = Debug|Any CPU
		{8F2629B0-107F-40B9-8377-499271AF2264}.Debug|x86.Build.0 = Debug|Any CPU
		{8F2629B0-107F-40B9-8377-499271AF2264}.Release|Any CPU.ActiveCfg = Release|Any CPU
		{8F2629B0-107F-40B9-8377-499271AF2264}.Release|Any CPU.Build.0 = Release|Any CPU
		{8F2629B0-107F-40B9-8377-499271AF2264}.Release|x64.ActiveCfg = Release|Any CPU
		{8F2629B0-107F-40B9-8377-499271AF2264}.Release|x64.Build.0 = Release|Any CPU
		{8F2629B0-107F-40B9-8377-499271AF2264}.Release|x86.ActiveCfg = Release|Any CPU
		{8F2629B0-107F-40B9-8377-499271AF2264}.Release|x86.Build.0 = Release|Any CPU
		{D8ADED5A-55F0-40EE-A6A4-62398645B082}.Debug|Any CPU.ActiveCfg = Debug|Any CPU
		{D8ADED5A-55F0-40EE-A6A4-62398645B082}.Debug|Any CPU.Build.0 = Debug|Any CPU
		{D8ADED5A-55F0-40EE-A6A4-62398645B082}.Debug|x64.ActiveCfg = Debug|Any CPU
		{D8ADED5A-55F0-40EE-A6A4-62398645B082}.Debug|x64.Build.0 = Debug|Any CPU
		{D8ADED5A-55F0-40EE-A6A4-62398645B082}.Debug|x86.ActiveCfg = Debug|Any CPU
		{D8ADED5A-55F0-40EE-A6A4-62398645B082}.Debug|x86.Build.0 = Debug|Any CPU
		{D8ADED5A-55F0-40EE-A6A4-62398645B082}.Release|Any CPU.ActiveCfg = Release|Any CPU
		{D8ADED5A-55F0-40EE-A6A4-62398645B082}.Release|Any CPU.Build.0 = Release|Any CPU
		{D8ADED5A-55F0-40EE-A6A4-62398645B082}.Release|x64.ActiveCfg = Release|Any CPU
		{D8ADED5A-55F0-40EE-A6A4-62398645B082}.Release|x64.Build.0 = Release|Any CPU
		{D8ADED5A-55F0-40EE-A6A4-62398645B082}.Release|x86.ActiveCfg = Release|Any CPU
		{D8ADED5A-55F0-40EE-A6A4-62398645B082}.Release|x86.Build.0 = Release|Any CPU
		{09F17B4D-3C01-4C8D-B7F0-CBD13CE86DD9}.Debug|Any CPU.ActiveCfg = Debug|Any CPU
		{09F17B4D-3C01-4C8D-B7F0-CBD13CE86DD9}.Debug|Any CPU.Build.0 = Debug|Any CPU
		{09F17B4D-3C01-4C8D-B7F0-CBD13CE86DD9}.Debug|x64.ActiveCfg = Debug|Any CPU
		{09F17B4D-3C01-4C8D-B7F0-CBD13CE86DD9}.Debug|x64.Build.0 = Debug|Any CPU
		{09F17B4D-3C01-4C8D-B7F0-CBD13CE86DD9}.Debug|x86.ActiveCfg = Debug|Any CPU
		{09F17B4D-3C01-4C8D-B7F0-CBD13CE86DD9}.Debug|x86.Build.0 = Debug|Any CPU
		{09F17B4D-3C01-4C8D-B7F0-CBD13CE86DD9}.Release|Any CPU.ActiveCfg = Release|Any CPU
		{09F17B4D-3C01-4C8D-B7F0-CBD13CE86DD9}.Release|Any CPU.Build.0 = Release|Any CPU
		{09F17B4D-3C01-4C8D-B7F0-CBD13CE86DD9}.Release|x64.ActiveCfg = Release|Any CPU
		{09F17B4D-3C01-4C8D-B7F0-CBD13CE86DD9}.Release|x64.Build.0 = Release|Any CPU
		{09F17B4D-3C01-4C8D-B7F0-CBD13CE86DD9}.Release|x86.ActiveCfg = Release|Any CPU
		{09F17B4D-3C01-4C8D-B7F0-CBD13CE86DD9}.Release|x86.Build.0 = Release|Any CPU
		{5970CC83-01DA-4655-9BA6-12320460A8C5}.Debug|Any CPU.ActiveCfg = Debug|Any CPU
		{5970CC83-01DA-4655-9BA6-12320460A8C5}.Debug|Any CPU.Build.0 = Debug|Any CPU
		{5970CC83-01DA-4655-9BA6-12320460A8C5}.Debug|x64.ActiveCfg = Debug|Any CPU
		{5970CC83-01DA-4655-9BA6-12320460A8C5}.Debug|x64.Build.0 = Debug|Any CPU
		{5970CC83-01DA-4655-9BA6-12320460A8C5}.Debug|x86.ActiveCfg = Debug|Any CPU
		{5970CC83-01DA-4655-9BA6-12320460A8C5}.Debug|x86.Build.0 = Debug|Any CPU
		{5970CC83-01DA-4655-9BA6-12320460A8C5}.Release|Any CPU.ActiveCfg = Release|Any CPU
		{5970CC83-01DA-4655-9BA6-12320460A8C5}.Release|Any CPU.Build.0 = Release|Any CPU
		{5970CC83-01DA-4655-9BA6-12320460A8C5}.Release|x64.ActiveCfg = Release|Any CPU
		{5970CC83-01DA-4655-9BA6-12320460A8C5}.Release|x64.Build.0 = Release|Any CPU
		{5970CC83-01DA-4655-9BA6-12320460A8C5}.Release|x86.ActiveCfg = Release|Any CPU
		{5970CC83-01DA-4655-9BA6-12320460A8C5}.Release|x86.Build.0 = Release|Any CPU
		{89A464BE-11C1-4496-A237-96A15A31A681}.Debug|Any CPU.ActiveCfg = Debug|Any CPU
		{89A464BE-11C1-4496-A237-96A15A31A681}.Debug|Any CPU.Build.0 = Debug|Any CPU
		{89A464BE-11C1-4496-A237-96A15A31A681}.Debug|x64.ActiveCfg = Debug|Any CPU
		{89A464BE-11C1-4496-A237-96A15A31A681}.Debug|x64.Build.0 = Debug|Any CPU
		{89A464BE-11C1-4496-A237-96A15A31A681}.Debug|x86.ActiveCfg = Debug|Any CPU
		{89A464BE-11C1-4496-A237-96A15A31A681}.Debug|x86.Build.0 = Debug|Any CPU
		{89A464BE-11C1-4496-A237-96A15A31A681}.Release|Any CPU.ActiveCfg = Release|Any CPU
		{89A464BE-11C1-4496-A237-96A15A31A681}.Release|Any CPU.Build.0 = Release|Any CPU
		{89A464BE-11C1-4496-A237-96A15A31A681}.Release|x64.ActiveCfg = Release|Any CPU
		{89A464BE-11C1-4496-A237-96A15A31A681}.Release|x64.Build.0 = Release|Any CPU
		{89A464BE-11C1-4496-A237-96A15A31A681}.Release|x86.ActiveCfg = Release|Any CPU
		{89A464BE-11C1-4496-A237-96A15A31A681}.Release|x86.Build.0 = Release|Any CPU
	EndGlobalSection
	GlobalSection(NestedProjects) = preSolution
		{8B9CCCE0-F19F-4875-8DF7-0574437E6023} = {92900539-B24C-4CAF-8A00-80CF85182662}
		{8059C1F9-5C78-4CF6-824C-3CCA5EC00567} = {8B9CCCE0-F19F-4875-8DF7-0574437E6023}
		{31BDD0B8-43FA-4BFA-A3E8-AA88AF380BAD} = {8B9CCCE0-F19F-4875-8DF7-0574437E6023}
		{8F2629B0-107F-40B9-8377-499271AF2264} = {8B9CCCE0-F19F-4875-8DF7-0574437E6023}
		{C289376E-E65B-4382-A877-30227010248C} = {92900539-B24C-4CAF-8A00-80CF85182662}
		{09F17B4D-3C01-4C8D-B7F0-CBD13CE86DD9} = {C289376E-E65B-4382-A877-30227010248C}
		{5970CC83-01DA-4655-9BA6-12320460A8C5} = {C289376E-E65B-4382-A877-30227010248C}
		{89A464BE-11C1-4496-A237-96A15A31A681} = {C289376E-E65B-4382-A877-30227010248C}
	EndGlobalSection
EndGlobal
